github.com/stretchr/testify v1.12.1 h1:EuwCh5fleGS7H32xRwO3wRGT7DxrDhLAT6FF8MpWDWE=
github.com/stretchr/testify v1.12.1/go.mod h1:MDEgiDPPsNp5cuIrHPPCyornHKgEVbtFUmoNlxoYthg=
github.com/wow-look-at-my/go-containers v0.0.0-20260913115023-d3bbbdd0286d h1:JR6bnwBaH0wstgr4CHxX8kxKgzB0CTD/dkuMSN1Cv3k=
github.com/wow-look-at-my/go-containers v0.0.0-20260913115023-d3bbbdd0286d/go.mod h1:7j8wbDwrqh+uJnlENqD5iwsgYkF4y3kIgremn/ctvVE=
go.yaml.in/yaml/v3 v3.0.5 h1:N6y/pJk8buWs9NY5ERU2HSMfm+IuD/OtfdAnq6kESPw=
go.yaml.in/yaml/v3 v3.0.5/go.mod h1:HVTZu1O7/Vkt2N+BFy8Zza+lnLsABggaTM2ZpNIGuKg=
